// !$*UTF8*$!
{
	archiveVersion = 1;
	classes = {
	};
	objectVersion = 50;
	objects = {

/* Begin PBXBuildFile section */
		480B404520FC401200268B94 /* AppDelegate.m in Sources */ = {isa = PBXBuildFile; fileRef = 480B404420FC401200268B94 /* AppDelegate.m */; };
		480B404820FC401200268B94 /* RootViewController.m in Sources */ = {isa = PBXBuildFile; fileRef = 480B404720FC401200268B94 /* RootViewController.m */; };
		480B404E20FC401200268B94 /* ModelController.m in Sources */ = {isa = PBXBuildFile; fileRef = 480B404D20FC401200268B94 /* ModelController.m */; };
		480B405120FC401200268B94 /* Main.storyboard in Resources */ = {isa = PBXBuildFile; fileRef = 480B404F20FC401200268B94 /* Main.storyboard */; };
		480B405320FC401500268B94 /* Assets.xcassets in Resources */ = {isa = PBXBuildFile; fileRef = 480B405220FC401500268B94 /* Assets.xcassets */; };
		480B405620FC401500268B94 /* LaunchScreen.storyboard in Resources */ = {isa = PBXBuildFile; fileRef = 480B405420FC401500268B94 /* LaunchScreen.storyboard */; };
		480B405920FC401500268B94 /* main.m in Sources */ = {isa = PBXBuildFile; fileRef = 480B405820FC401500268B94 /* main.m */; };
		480B406620FC4ECF00268B94 /* DPLayoutFrameController.m in Sources */ = {isa = PBXBuildFile; fileRef = 480B406520FC4ECF00268B94 /* DPLayoutFrameController.m */; };
		480B406A20FC6B7600268B94 /* DPLayoutViewController.m in Sources */ = {isa = PBXBuildFile; fileRef = 480B406920FC6B7600268B94 /* DPLayoutViewController.m */; };
		480B406E20FC72E200268B94 /* DPUtil.m in Sources */ = {isa = PBXBuildFile; fileRef = 480B406D20FC72E200268B94 /* DPUtil.m */; };
		480B407120FC739800268B94 /* UIImage+ColorAtPixel.m in Sources */ = {isa = PBXBuildFile; fileRef = 480B407020FC739800268B94 /* UIImage+ColorAtPixel.m */; };
		480B407420FC741B00268B94 /* UIView+ColorOfPoint.m in Sources */ = {isa = PBXBuildFile; fileRef = 480B407320FC741B00268B94 /* UIView+ColorOfPoint.m */; };
		480B407920FD844E00268B94 /* Derezzed-16432761.mp3 in Resources */ = {isa = PBXBuildFile; fileRef = 480B407820FD844E00268B94 /* Derezzed-16432761.mp3 */; };
		480B407B20FD846200268B94 /* AVFoundation.framework in Frameworks */ = {isa = PBXBuildFile; fileRef = 480B407A20FD846200268B94 /* AVFoundation.framework */; };
		480B407E20FD94B100268B94 /* DPWelcomeViewController.m in Sources */ = {isa = PBXBuildFile; fileRef = 480B407D20FD94B100268B94 /* DPWelcomeViewController.m */; };
		480B408120FDBAF700268B94 /* SEFPS.m in Sources */ = {isa = PBXBuildFile; fileRef = 480B407F20FDBAF700268B94 /* SEFPS.m */; };
		5FD9FCF272A94F959A5F077D /* libPods-DancingPhoto.a in Frameworks */ = {isa = PBXBuildFile; fileRef = CAF97A8C7A963FE5CDD11184 /* libPods-DancingPhoto.a */; };
/* End PBXBuildFile section */

/* Begin PBXFileReference section */
		10C4704D2C9C12EAEA8EF2E4 /* Pods-DancingPhoto.release.xcconfig */ = {isa = PBXFileReference; includeInIndex = 1; lastKnownFileType = text.xcconfig; name = "Pods-DancingPhoto.release.xcconfig"; path = "Pods/Target Support Files/Pods-DancingPhoto/Pods-DancingPhoto.release.xcconfig"; sourceTree = "<group>"; };
		480B404020FC401200268B94 /* DancingPhoto.app */ = {isa = PBXFileReference; explicitFileType = wrapper.application; includeInIndex = 0; path = DancingPhoto.app; sourceTree = BUILT_PRODUCTS_DIR; };
		480B404320FC401200268B94 /* AppDelegate.h */ = {isa = PBXFileReference; lastKnownFileType = sourcecode.c.h; path = AppDelegate.h; sourceTree = "<group>"; };
		480B404420FC401200268B94 /* AppDelegate.m */ = {isa = PBXFileReference; lastKnownFileType = sourcecode.c.objc; path = AppDelegate.m; sourceTree = "<group>"; };
		480B404620FC401200268B94 /* RootViewController.h */ = {isa = PBXFileReference; lastKnownFileType = sourcecode.c.h; path = RootViewController.h; sourceTree = "<group>"; };
		480B404720FC401200268B94 /* RootViewController.m */ = {isa = PBXFileReference; lastKnownFileType = sourcecode.c.objc; path = RootViewController.m; sourceTree = "<group>"; };
		480B404C20FC401200268B94 /* ModelController.h */ = {isa = PBXFileReference; lastKnownFileType = sourcecode.c.h; path = ModelController.h; sourceTree = "<group>"; };
		480B404D20FC401200268B94 /* ModelController.m */ = {isa = PBXFileReference; lastKnownFileType = sourcecode.c.objc; path = ModelController.m; sourceTree = "<group>"; };
		480B405020FC401200268B94 /* Base */ = {isa = PBXFileReference; lastKnownFileType = file.storyboard; name = Base; path = Base.lproj/Main.storyboard; sourceTree = "<group>"; };
		480B405220FC401500268B94 /* Assets.xcassets */ = {isa = PBXFileReference; lastKnownFileType = folder.assetcatalog; path = Assets.xcassets; sourceTree = "<group>"; };
		480B405520FC401500268B94 /* Base */ = {isa = PBXFileReference; lastKnownFileType = file.storyboard; name = Base; path = Base.lproj/LaunchScreen.storyboard; sourceTree = "<group>"; };
		480B405720FC401500268B94 /* Info.plist */ = {isa = PBXFileReference; lastKnownFileType = text.plist.xml; path = Info.plist; sourceTree = "<group>"; };
		480B405820FC401500268B94 /* main.m */ = {isa = PBXFileReference; lastKnownFileType = sourcecode.c.objc; path = main.m; sourceTree = "<group>"; };
		480B406420FC4ECF00268B94 /* DPLayoutFrameController.h */ = {isa = PBXFileReference; lastKnownFileType = sourcecode.c.h; path = DPLayoutFrameController.h; sourceTree = "<group>"; };
		480B406520FC4ECF00268B94 /* DPLayoutFrameController.m */ = {isa = PBXFileReference; lastKnownFileType = sourcecode.c.objc; path = DPLayoutFrameController.m; sourceTree = "<group>"; };
		480B406720FC6A9200268B94 /* DPLayoutPageProtocol.h */ = {isa = PBXFileReference; lastKnownFileType = sourcecode.c.h; path = DPLayoutPageProtocol.h; sourceTree = "<group>"; };
		480B406820FC6B7600268B94 /* DPLayoutViewController.h */ = {isa = PBXFileReference; lastKnownFileType = sourcecode.c.h; path = DPLayoutViewController.h; sourceTree = "<group>"; };
		480B406920FC6B7600268B94 /* DPLayoutViewController.m */ = {isa = PBXFileReference; lastKnownFileType = sourcecode.c.objc; path = DPLayoutViewController.m; sourceTree = "<group>"; };
		480B406C20FC72E200268B94 /* DPUtil.h */ = {isa = PBXFileReference; lastKnownFileType = sourcecode.c.h; path = DPUtil.h; sourceTree = "<group>"; };
		480B406D20FC72E200268B94 /* DPUtil.m */ = {isa = PBXFileReference; lastKnownFileType = sourcecode.c.objc; path = DPUtil.m; sourceTree = "<group>"; };
		480B406F20FC739800268B94 /* UIImage+ColorAtPixel.h */ = {isa = PBXFileReference; lastKnownFileType = sourcecode.c.h; path = "UIImage+ColorAtPixel.h"; sourceTree = "<group>"; };
		480B407020FC739800268B94 /* UIImage+ColorAtPixel.m */ = {isa = PBXFileReference; lastKnownFileType = sourcecode.c.objc; path = "UIImage+ColorAtPixel.m"; sourceTree = "<group>"; };
		480B407220FC741B00268B94 /* UIView+ColorOfPoint.h */ = {isa = PBXFileReference; lastKnownFileType = sourcecode.c.h; path = "UIView+ColorOfPoint.h"; sourceTree = "<group>"; };
		480B407320FC741B00268B94 /* UIView+ColorOfPoint.m */ = {isa = PBXFileReference; lastKnownFileType = sourcecode.c.objc; path = "UIView+ColorOfPoint.m"; sourceTree = "<group>"; };
		480B407820FD844E00268B94 /* Derezzed-16432761.mp3 */ = {isa = PBXFileReference; lastKnownFileType = audio.mp3; path = "Derezzed-16432761.mp3"; sourceTree = "<group>"; };
		480B407A20FD846200268B94 /* AVFoundation.framework */ = {isa = PBXFileReference; lastKnownFileType = wrapper.framework; name = AVFoundation.framework; path = System/Library/Frameworks/AVFoundation.framework; sourceTree = SDKROOT; };
		480B407C20FD94B100268B94 /* DPWelcomeViewController.h */ = {isa = PBXFileReference; lastKnownFileType = sourcecode.c.h; path = DPWelcomeViewController.h; sourceTree = "<group>"; };
		480B407D20FD94B100268B94 /* DPWelcomeViewController.m */ = {isa = PBXFileReference; lastKnownFileType = sourcecode.c.objc; path = DPWelcomeViewController.m; sourceTree = "<group>"; };
		480B407F20FDBAF700268B94 /* SEFPS.m */ = {isa = PBXFileReference; fileEncoding = 4; lastKnownFileType = sourcecode.c.objc; path = SEFPS.m; sourceTree = "<group>"; };
		480B408020FDBAF700268B94 /* SEFPS.h */ = {isa = PBXFileReference; fileEncoding = 4; lastKnownFileType = sourcecode.c.h; path = SEFPS.h; sourceTree = "<group>"; };
		B0D58798E7F1C28CC9CAFF58 /* Pods-DancingPhoto.debug.xcconfig */ = {isa = PBXFileReference; includeInIndex = 1; lastKnownFileType = text.xcconfig; name = "Pods-DancingPhoto.debug.xcconfig"; path = "Pods/Target Support Files/Pods-DancingPhoto/Pods-DancingPhoto.debug.xcconfig"; sourceTree = "<group>"; };
		CAF97A8C7A963FE5CDD11184 /* libPods-DancingPhoto.a */ = {isa = PBXFileReference; explicitFileType = archive.ar; includeInIndex = 0; path = "libPods-DancingPhoto.a"; sourceTree = BUILT_PRODUCTS_DIR; };
/* End PBXFileReference section */

/* Begin PBXFrameworksBuildPhase section */
		480B403D20FC401200268B94 /* Frameworks */ = {
			isa = PBXFrameworksBuildPhase;
			buildActionMask = 2147483647;
			files = (
				480B407B20FD846200268B94 /* AVFoundation.framework in Frameworks */,
				5FD9FCF272A94F959A5F077D /* libPods-DancingPhoto.a in Frameworks */,
			);
			runOnlyForDeploymentPostprocessing = 0;
		};
/* End PBXFrameworksBuildPhase section */

/* Begin PBXGroup section */
		480B403720FC401200268B94 = {
			isa = PBXGroup;
			children = (
				480B404220FC401200268B94 /* DancingPhoto */,
				480B404120FC401200268B94 /* Products */,
				633B7D010886F74D03AF49C7 /* Pods */,
				6D21395893E6DBC5C0EABD37 /* Frameworks */,
			);
			sourceTree = "<group>";
		};
		480B404120FC401200268B94 /* Products */ = {
			isa = PBXGroup;
			children = (
				480B404020FC401200268B94 /* DancingPhoto.app */,
			);
			name = Products;
			sourceTree = "<group>";
		};
		480B404220FC401200268B94 /* DancingPhoto */ = {
			isa = PBXGroup;
			children = (
				480B404320FC401200268B94 /* AppDelegate.h */,
				480B404420FC401200268B94 /* AppDelegate.m */,
				480B404620FC401200268B94 /* RootViewController.h */,
				480B404720FC401200268B94 /* RootViewController.m */,
				480B404C20FC401200268B94 /* ModelController.h */,
				480B404D20FC401200268B94 /* ModelController.m */,
				480B408020FDBAF700268B94 /* SEFPS.h */,
				480B407F20FDBAF700268B94 /* SEFPS.m */,
				480B406B20FC72CC00268B94 /* Utils */,
				480B406320FC4E3100268B94 /* LayoutPages */,
				480B404F20FC401200268B94 /* Main.storyboard */,
				480B405220FC401500268B94 /* Assets.xcassets */,
				480B405420FC401500268B94 /* LaunchScreen.storyboard */,
				480B406020FC4BA500268B94 /* Supporting Files */,
				480B405820FC401500268B94 /* main.m */,
			);
			path = DancingPhoto;
			sourceTree = "<group>";
		};
		480B406020FC4BA500268B94 /* Supporting Files */ = {
			isa = PBXGroup;
			children = (
				480B406220FC4C6500268B94 /* resources */,
				480B405720FC401500268B94 /* Info.plist */,
			);
			path = "Supporting Files";
			sourceTree = "<group>";
		};
		480B406220FC4C6500268B94 /* resources */ = {
			isa = PBXGroup;
			children = (
				480B407820FD844E00268B94 /* Derezzed-16432761.mp3 */,
			);
			path = resources;
			sourceTree = "<group>";
		};
		480B406320FC4E3100268B94 /* LayoutPages */ = {
			isa = PBXGroup;
			children = (
				480B406720FC6A9200268B94 /* DPLayoutPageProtocol.h */,
				480B406820FC6B7600268B94 /* DPLayoutViewController.h */,
				480B406920FC6B7600268B94 /* DPLayoutViewController.m */,
				480B407C20FD94B100268B94 /* DPWelcomeViewController.h */,
				480B407D20FD94B100268B94 /* DPWelcomeViewController.m */,
				480B406420FC4ECF00268B94 /* DPLayoutFrameController.h */,
				480B406520FC4ECF00268B94 /* DPLayoutFrameController.m */,
			);
			path = LayoutPages;
			sourceTree = "<group>";
		};
		480B406B20FC72CC00268B94 /* Utils */ = {
			isa = PBXGroup;
			children = (
				480B406C20FC72E200268B94 /* DPUtil.h */,
				480B406D20FC72E200268B94 /* DPUtil.m */,
				480B406F20FC739800268B94 /* UIImage+ColorAtPixel.h */,
				480B407020FC739800268B94 /* UIImage+ColorAtPixel.m */,
				480B407220FC741B00268B94 /* UIView+ColorOfPoint.h */,
				480B407320FC741B00268B94 /* UIView+ColorOfPoint.m */,
			);
			path = Utils;
			sourceTree = "<group>";
		};
		633B7D010886F74D03AF49C7 /* Pods */ = {
			isa = PBXGroup;
			children = (
				B0D58798E7F1C28CC9CAFF58 /* Pods-DancingPhoto.debug.xcconfig */,
				10C4704D2C9C12EAEA8EF2E4 /* Pods-DancingPhoto.release.xcconfig */,
			);
			name = Pods;
			sourceTree = "<group>";
		};
		6D21395893E6DBC5C0EABD37 /* Frameworks */ = {
			isa = PBXGroup;
			children = (
				480B407A20FD846200268B94 /* AVFoundation.framework */,
				CAF97A8C7A963FE5CDD11184 /* libPods-DancingPhoto.a */,
			);
			name = Frameworks;
			sourceTree = "<group>";
		};
/* End PBXGroup section */

/* Begin PBXNativeTarget section */
		480B403F20FC401200268B94 /* DancingPhoto */ = {
			isa = PBXNativeTarget;
			buildConfigurationList = 480B405C20FC401500268B94 /* Build configuration list for PBXNativeTarget "DancingPhoto" */;
			buildPhases = (
				E3DA3191DC25F0584644B056 /* [CP] Check Pods Manifest.lock */,
				480B403C20FC401200268B94 /* Sources */,
				480B403D20FC401200268B94 /* Frameworks */,
				480B403E20FC401200268B94 /* Resources */,
			);
			buildRules = (
			);
			dependencies = (
			);
			name = DancingPhoto;
			productName = DancingPhoto;
			productReference = 480B404020FC401200268B94 /* DancingPhoto.app */;
			productType = "com.apple.product-type.application";
		};
/* End PBXNativeTarget section */

/* Begin PBXProject section */
		480B403820FC401200268B94 /* Project object */ = {
			isa = PBXProject;
			attributes = {
				LastUpgradeCheck = 1000;
				ORGANIZATIONNAME = liang;
				TargetAttributes = {
					480B403F20FC401200268B94 = {
						CreatedOnToolsVersion = 10.0;
					};
				};
			};
			buildConfigurationList = 480B403B20FC401200268B94 /* Build configuration list for PBXProject "DancingPhoto" */;
			compatibilityVersion = "Xcode 9.3";
			developmentRegion = en;
			hasScannedForEncodings = 0;
			knownRegions = (
				en,
				Base,
			);
			mainGroup = 480B403720FC401200268B94;
			productRefGroup = 480B404120FC401200268B94 /* Products */;
			projectDirPath = "";
			projectRoot = "";
			targets = (
				480B403F20FC401200268B94 /* DancingPhoto */,
			);
		};
/* End PBXProject section */

/* Begin PBXResourcesBuildPhase section */
		480B403E20FC401200268B94 /* Resources */ = {
			isa = PBXResourcesBuildPhase;
			buildActionMask = 2147483647;
			files = (
				480B405620FC401500268B94 /* LaunchScreen.storyboard in Resources */,
				480B405320FC401500268B94 /* Assets.xcassets in Resources */,
				480B405120FC401200268B94 /* Main.storyboard in Resources */,
				480B407920FD844E00268B94 /* Derezzed-16432761.mp3 in Resources */,
			);
			runOnlyForDeploymentPostprocessing = 0;
		};
/* End PBXResourcesBuildPhase section */

/* Begin PBXShellScriptBuildPhase section */
		E3DA3191DC25F0584644B056 /* [CP] Check Pods Manifest.lock */ = {
			isa = PBXShellScriptBuildPhase;
			buildActionMask = 2147483647;
			files = (
			);
			inputPaths = (
				"${PODS_PODFILE_DIR_PATH}/Podfile.lock",
				"${PODS_ROOT}/Manifest.lock",
			);
			name = "[CP] Check Pods Manifest.lock";
			outputPaths = (
				"$(DERIVED_FILE_DIR)/Pods-DancingPhoto-checkManifestLockResult.txt",
			);
			runOnlyForDeploymentPostprocessing = 0;
			shellPath = /bin/sh;
			shellScript = "diff \"${PODS_PODFILE_DIR_PATH}/Podfile.lock\" \"${PODS_ROOT}/Manifest.lock\" > /dev/null\nif [ $? != 0 ] ; then\n    # print error to STDERR\n    echo \"error: The sandbox is not in sync with the Podfile.lock. Run 'pod install' or update your CocoaPods installation.\" >&2\n    exit 1\nfi\n# This output is used by Xcode 'outputs' to avoid re-running this script phase.\necho \"SUCCESS\" > \"${SCRIPT_OUTPUT_FILE_0}\"\n";
			showEnvVarsInLog = 0;
		};
/* End PBXShellScriptBuildPhase section */

/* Begin PBXSourcesBuildPhase section */
		480B403C20FC401200268B94 /* Sources */ = {
			isa = PBXSourcesBuildPhase;
			buildActionMask = 2147483647;
			files = (
				480B407420FC741B00268B94 /* UIView+ColorOfPoint.m in Sources */,
				480B408120FDBAF700268B94 /* SEFPS.m in Sources */,
				480B405920FC401500268B94 /* main.m in Sources */,
				480B404820FC401200268B94 /* RootViewController.m in Sources */,
				480B406A20FC6B7600268B94 /* DPLayoutViewController.m in Sources */,
				480B407120FC739800268B94 /* UIImage+ColorAtPixel.m in Sources */,
				480B407E20FD94B100268B94 /* DPWelcomeViewController.m in Sources */,
				480B406E20FC72E200268B94 /* DPUtil.m in Sources */,
				480B404E20FC401200268B94 /* ModelController.m in Sources */,
				480B404520FC401200268B94 /* AppDelegate.m in Sources */,
				480B406620FC4ECF00268B94 /* DPLayoutFrameController.m in Sources */,
			);
			runOnlyForDeploymentPostprocessing = 0;
		};
/* End PBXSourcesBuildPhase section */

/* Begin PBXVariantGroup section */
		480B404F20FC401200268B94 /* Main.storyboard */ = {
			isa = PBXVariantGroup;
			children = (
				480B405020FC401200268B94 /* Base */,
			);
			name = Main.storyboard;
			sourceTree = "<group>";
		};
		480B405420FC401500268B94 /* LaunchScreen.storyboard */ = {
			isa = PBXVariantGroup;
			children = (
				480B405520FC401500268B94 /* Base */,
			);
			name = LaunchScreen.storyboard;
			sourceTree = "<group>";
		};
/* End PBXVariantGroup section */

/* Begin XCBuildConfiguration section */
		480B405A20FC401500268B94 /* Debug */ = {
			isa = XCBuildConfiguration;
			buildSettings = {
				ALWAYS_SEARCH_USER_PATHS = NO;
				CLANG_ANALYZER_NONNULL = YES;
				CLANG_ANALYZER_NUMBER_OBJECT_CONVERSION = YES_AGGRESSIVE;
				CLANG_CXX_LANGUAGE_STANDARD = "gnu++14";
				CLANG_CXX_LIBRARY = "libc++";
				CLANG_ENABLE_MODULES = YES;
				CLANG_ENABLE_OBJC_ARC = YES;
				CLANG_ENABLE_OBJC_WEAK = YES;
				CLANG_WARN_BLOCK_CAPTURE_AUTORELEASING = YES;
				CLANG_WARN_BOOL_CONVERSION = YES;
				CLANG_WARN_COMMA = YES;
				CLANG_WARN_CONSTANT_CONVERSION = YES;
				CLANG_WARN_DEPRECATED_OBJC_IMPLEMENTATIONS = YES;
				CLANG_WARN_DIRECT_OBJC_ISA_USAGE = YES_ERROR;
				CLANG_WARN_DOCUMENTATION_COMMENTS = YES;
				CLANG_WARN_EMPTY_BODY = YES;
				CLANG_WARN_ENUM_CONVERSION = YES;
				CLANG_WARN_INFINITE_RECURSION = YES;
				CLANG_WARN_INT_CONVERSION = YES;
				CLANG_WARN_NON_LITERAL_NULL_CONVERSION = YES;
				CLANG_WARN_OBJC_IMPLICIT_RETAIN_SELF = YES;
				CLANG_WARN_OBJC_LITERAL_CONVERSION = YES;
				CLANG_WARN_OBJC_ROOT_CLASS = YES_ERROR;
				CLANG_WARN_RANGE_LOOP_ANALYSIS = YES;
				CLANG_WARN_STRICT_PROTOTYPES = YES;
				CLANG_WARN_SUSPICIOUS_MOVE = YES;
				CLANG_WARN_UNGUARDED_AVAILABILITY = YES_AGGRESSIVE;
				CLANG_WARN_UNREACHABLE_CODE = YES;
				CLANG_WARN__DUPLICATE_METHOD_MATCH = YES;
				CODE_SIGN_IDENTITY = "iPhone Developer";
				COPY_PHASE_STRIP = NO;
				DEBUG_INFORMATION_FORMAT = dwarf;
				ENABLE_STRICT_OBJC_MSGSEND = YES;
				ENABLE_TESTABILITY = YES;
				GCC_C_LANGUAGE_STANDARD = gnu11;
				GCC_DYNAMIC_NO_PIC = NO;
				GCC_NO_COMMON_BLOCKS = YES;
				GCC_OPTIMIZATION_LEVEL = 0;
				GCC_PREPROCESSOR_DEFINITIONS = (
					"DEBUG=1",
					"$(inherited)",
				);
				GCC_WARN_64_TO_32_BIT_CONVERSION = YES;
				GCC_WARN_ABOUT_RETURN_TYPE = YES_ERROR;
				GCC_WARN_UNDECLARED_SELECTOR = YES;
				GCC_WARN_UNINITIALIZED_AUTOS = YES_AGGRESSIVE;
				GCC_WARN_UNUSED_FUNCTION = YES;
				GCC_WARN_UNUSED_VARIABLE = YES;
				IPHONEOS_DEPLOYMENT_TARGET = 12.0;
				MTL_ENABLE_DEBUG_INFO = INCLUDE_SOURCE;
				MTL_FAST_MATH = YES;
				ONLY_ACTIVE_ARCH = YES;
				SDKROOT = iphoneos;
			};
			name = Debug;
		};
		480B405B20FC401500268B94 /* Release */ = {
			isa = XCBuildConfiguration;
			buildSettings = {
				ALWAYS_SEARCH_USER_PATHS = NO;
				CLANG_ANALYZER_NONNULL = YES;
				CLANG_ANALYZER_NUMBER_OBJECT_CONVERSION = YES_AGGRESSIVE;
				CLANG_CXX_LANGUAGE_STANDARD = "gnu++14";
				CLANG_CXX_LIBRARY = "libc++";
				CLANG_ENABLE_MODULES = YES;
				CLANG_ENABLE_OBJC_ARC = YES;
				CLANG_ENABLE_OBJC_WEAK = YES;
				CLANG_WARN_BLOCK_CAPTURE_AUTORELEASING = YES;
				CLANG_WARN_BOOL_CONVERSION = YES;
				CLANG_WARN_COMMA = YES;
				CLANG_WARN_CONSTANT_CONVERSION = YES;
				CLANG_WARN_DEPRECATED_OBJC_IMPLEMENTATIONS = YES;
				CLANG_WARN_DIRECT_OBJC_ISA_USAGE = YES_ERROR;
				CLANG_WARN_DOCUMENTATION_COMMENTS = YES;
				CLANG_WARN_EMPTY_BODY = YES;
				CLANG_WARN_ENUM_CONVERSION = YES;
				CLANG_WARN_INFINITE_RECURSION = YES;
				CLANG_WARN_INT_CONVERSION = YES;
				CLANG_WARN_NON_LITERAL_NULL_CONVERSION = YES;
				CLANG_WARN_OBJC_IMPLICIT_RETAIN_SELF = YES;
				CLANG_WARN_OBJC_LITERAL_CONVERSION = YES;
				CLANG_WARN_OBJC_ROOT_CLASS = YES_ERROR;
				CLANG_WARN_RANGE_LOOP_ANALYSIS = YES;
				CLANG_WARN_STRICT_PROTOTYPES = YES;
				CLANG_WARN_SUSPICIOUS_MOVE = YES;
				CLANG_WARN_UNGUARDED_AVAILABILITY = YES_AGGRESSIVE;
				CLANG_WARN_UNREACHABLE_CODE = YES;
				CLANG_WARN__DUPLICATE_METHOD_MATCH = YES;
				CODE_SIGN_IDENTITY = "iPhone Developer";
				COPY_PHASE_STRIP = NO;
				DEBUG_INFORMATION_FORMAT = "dwarf-with-dsym";
				ENABLE_NS_ASSERTIONS = NO;
				ENABLE_STRICT_OBJC_MSGSEND = YES;
				GCC_C_LANGUAGE_STANDARD = gnu11;
				GCC_NO_COMMON_BLOCKS = YES;
				GCC_WARN_64_TO_32_BIT_CONVERSION = YES;
				GCC_WARN_ABOUT_RETURN_TYPE = YES_ERROR;
				GCC_WARN_UNDECLARED_SELECTOR = YES;
				GCC_WARN_UNINITIALIZED_AUTOS = YES_AGGRESSIVE;
				GCC_WARN_UNUSED_FUNCTION = YES;
				GCC_WARN_UNUSED_VARIABLE = YES;
				IPHONEOS_DEPLOYMENT_TARGET = 12.0;
				MTL_ENABLE_DEBUG_INFO = NO;
				MTL_FAST_MATH = YES;
				SDKROOT = iphoneos;
				VALIDATE_PRODUCT = YES;
			};
			name = Release;
		};
		480B405D20FC401500268B94 /* Debug */ = {
			isa = XCBuildConfiguration;
			baseConfigurationReference = B0D58798E7F1C28CC9CAFF58 /* Pods-DancingPhoto.debug.xcconfig */;
			buildSettings = {
				ASSETCATALOG_COMPILER_APPICON_NAME = AppIcon;
				CODE_SIGN_IDENTITY = "iPhone Developer";
				CODE_SIGN_STYLE = Automatic;
				DEVELOPMENT_TEAM = 5F3P75AV37;
				INFOPLIST_FILE = "DancingPhoto/Supporting Files/Info.plist";
				IPHONEOS_DEPLOYMENT_TARGET = 11.0;
				LD_RUNPATH_SEARCH_PATHS = (
					"$(inherited)",
					"@executable_path/Frameworks",
				);
				PRODUCT_BUNDLE_IDENTIFIER = me.hite.app.DancingPhoto;
				PRODUCT_NAME = "$(TARGET_NAME)";
				PROVISIONING_PROFILE_SPECIFIER = "";
				TARGETED_DEVICE_FAMILY = "1,2";
			};
			name = Debug;
		};
		480B405E20FC401500268B94 /* Release */ = {
			isa = XCBuildConfiguration;
			baseConfigurationReference = 10C4704D2C9C12EAEA8EF2E4 /* Pods-DancingPhoto.release.xcconfig */;
			buildSettings = {
				ASSETCATALOG_COMPILER_APPICON_NAME = AppIcon;
				CODE_SIGN_IDENTITY = "iPhone Developer";
				CODE_SIGN_STYLE = Automatic;
				DEVELOPMENT_TEAM = 5F3P75AV37;
				INFOPLIST_FILE = "DancingPhoto/Supporting Files/Info.plist";
				IPHONEOS_DEPLOYMENT_TARGET = 11.0;
				LD_RUNPATH_SEARCH_PATHS = (
					"$(inherited)",
					"@executable_path/Frameworks",
				);
				PRODUCT_BUNDLE_IDENTIFIER = me.hite.app.DancingPhoto;
				PRODUCT_NAME = "$(TARGET_NAME)";
				PROVISIONING_PROFILE_SPECIFIER = "";
				TARGETED_DEVICE_FAMILY = "1,2";
			};
			name = Release;
		};
/* End XCBuildConfiguration section */

/* Begin XCConfigurationList section */
		480B403B20FC401200268B94 /* Build configuration list for PBXProject "DancingPhoto" */ = {
			isa = XCConfigurationList;
			buildConfigurations = (
				480B405A20FC401500268B94 /* Debug */,
				480B405B20FC401500268B94 /* Release */,
			);
			defaultConfigurationIsVisible = 0;
			defaultConfigurationName = Release;
		};
		480B405C20FC401500268B94 /* Build configuration list for PBXNativeTarget "DancingPhoto" */ = {
			isa = XCConfigurationList;
			buildConfigurations = (
				480B405D20FC401500268B94 /* Debug */,
				480B405E20FC401500268B94 /* Release */,
			);
			defaultConfigurationIsVisible = 0;
			defaultConfigurationName = Release;
		};
/* End XCConfigurationList section */
	};
	rootObject = 480B403820FC401200268B94 /* Project object */;
}
